
Microsoft Visual Studio Solution File, Format Version 12.00
# Visual Studio Version 16
VisualStudioVersion = 16.0.31205.134
MinimumVisualStudioVersion = 10.0.40219.1
Project("{9A19103F-16F7-4668-BE54-9A1E7A4F7556}") = "FileSystemSearchService", "FileSystemSearchService\FileSystemSearchService.csproj", "{03BF871C-6848-41A5-B4B3-96DB2E2EA636}"
EndProject
Project("{FAE04EC0-301F-11D3-BF4B-00C04F79EFBC}") = "FileSystemSearchService.Core", "FileSystemSearchService.Core\FileSystemSearchService.Core.csproj", "{1B67B413-9E09-4769-8DEF-583C26D9F8D4}"
EndProject
Project("{FAE04EC0-301F-11D3-BF4B-00C04F79EFBC}") = "FileSystemSearchService.Infrastructure", "FileSystemSearchService.Infrastructure\FileSystemSearchService.Infrastructure.csproj", "{FA413E1F-9EAA-4DEA-A994-09EB7F7A3FAE}"
EndProject
Project("{FAE04EC0-301F-11D3-BF4B-00C04F79EFBC}") = "FileSystemSearchService.Core.Tests", "FileSystemSearchService.Core.Tests\FileSystemSearchService.Core.Tests.csproj", "{E064BA53-961A-42BF-B028-BDCE74AA4ECF}"
EndProject
Project("{FAE04EC0-301F-11D3-BF4B-00C04F79EFBC}") = "FileSystemSearchService.Infrastructure.Tests", "FileSystemSearchService.Infrastructure.Tests\FileSystemSearchService.Infrastructure.Tests.csproj", "{1E156460-4CD9-4535-A7A1-A1BFA3C5D018}"
EndProject
Global
	GlobalSection(SolutionConfigurationPlatforms) = preSolution
		Debug|Any CPU = Debug|Any CPU
		Release|Any CPU = Release|Any CPU
	EndGlobalSection
	GlobalSection(ProjectConfigurationPlatforms) = postSolution
		{03BF871C-6848-41A5-B4B3-96DB2E2EA636}.Debug|Any CPU.ActiveCfg = Debug|Any CPU
		{03BF871C-6848-41A5-B4B3-96DB2E2EA636}.Debug|Any CPU.Build.0 = Debug|Any CPU
		{03BF871C-6848-41A5-B4B3-96DB2E2EA636}.Release|Any CPU.ActiveCfg = Release|Any CPU
		{03BF871C-6848-41A5-B4B3-96DB2E2EA636}.Release|Any CPU.Build.0 = Release|Any CPU
		{1B67B413-9E09-4769-8DEF-583C26D9F8D4}.Debug|Any CPU.ActiveCfg = Debug|Any CPU
		{1B67B413-9E09-4769-8DEF-583C26D9F8D4}.Debug|Any CPU.Build.0 = Debug|Any CPU
		{1B67B413-9E09-4769-8DEF-583C26D9F8D4}.Release|Any CPU.ActiveCfg = Release|Any CPU
		{1B67B413-9E09-4769-8DEF-583C26D9F8D4}.Release|Any CPU.Build.0 = Release|Any CPU
		{FA413E1F-9EAA-4DEA-A994-09EB7F7A3FAE}.Debug|Any CPU.ActiveCfg = Debug|Any CPU
		{FA413E1F-9EAA-4DEA-A994-09EB7F7A3FAE}.Debug|Any CPU.Build.0 = Debug|Any CPU
		{FA413E1F-9EAA-4DEA-A994-09EB7F7A3FAE}.Release|Any CPU.ActiveCfg = Release|Any CPU
		{FA413E1F-9EAA-4DEA-A994-09EB7F7A3FAE}.Release|Any CPU.Build.0 = Release|Any CPU
		{E064BA53-961A-42BF-B028-BDCE74AA4ECF}.Debug|Any CPU.ActiveCfg = Debug|Any CPU
		{E064BA53-961A-42BF-B028-BDCE74AA4ECF}.Debug|Any CPU.Build.0 = Debug|Any CPU
		{E064BA53-961A-42BF-B028-BDCE74AA4ECF}.Release|Any CPU.ActiveCfg = Release|Any CPU
		{E064BA53-961A-42BF-B028-BDCE74AA4ECF}.Release|Any CPU.Build.0 = Release|Any CPU
		{1E156460-4CD9-4535-A7A1-A1BFA3C5D018}.Debug|Any CPU.ActiveCfg = Debug|Any CPU
		{1E156460-4CD9-4535-A7A1-A1BFA3C5D018}.Debug|Any CPU.Build.0 = Debug|Any CPU
		{1E156460-4CD9-4535-A7A1-A1BFA3C5D018}.Release|Any CPU.ActiveCfg = Release|Any CPU
		{1E156460-4CD9-4535-A7A1-A1BFA3C5D018}.Release|Any CPU.Build.0 = Release|Any CPU
	EndGlobalSection
	GlobalSection(SolutionProperties) = preSolution
		HideSolutionNode = FALSE
	EndGlobalSection
	GlobalSection(ExtensibilityGlobals) = postSolution
		SolutionGuid = {55E453EB-3AD1-4C68-8BB2-AFAE8D7A69F6}
	EndGlobalSection
EndGlobal
